
Microsoft Visual Studio Solution File, Format Version 12.00
# Visual Studio Version 16
VisualStudioVersion = 16.0.31129.286
MinimumVisualStudioVersion = 10.0.40219.1
Project("{9A19103F-16F7-4668-BE54-9A1E7A4F7556}") = "ToDoList.Web", "ToDoList.Web\ToDoList.Web.csproj", "{64FF26C6-DD49-45B5-A2D4-7C10BEB57228}"
EndProject
Project("{2150E333-8FDC-42A3-9474-1A3956D46DE8}") = "UI", "UI", "{166CDE31-C88E-4CFE-8391-426CF183A1E6}"
EndProject
Project("{2150E333-8FDC-42A3-9474-1A3956D46DE8}") = "Domain", "Domain", "{859C58C8-B870-4BF3-9FC8-D5395342A7CB}"
EndProject
Project("{2150E333-8FDC-42A3-9474-1A3956D46DE8}") = "Application", "Application", "{D456643E-0830-4B52-9D6B-588F0982AAB1}"
EndProject
Project("{2150E333-8FDC-42A3-9474-1A3956D46DE8}") = "Infrastructure", "Infrastructure", "{62D19745-FFA9-42DF-97A3-3F4EF5C2C998}"
EndProject
Project("{9A19103F-16F7-4668-BE54-9A1E7A4F7556}") = "ToDoList.Application", "ToDoList.Application\ToDoList.Application.csproj", "{43488768-35B2-46CA-AB05-50A873481BC1}"
EndProject
Project("{9A19103F-16F7-4668-BE54-9A1E7A4F7556}") = "ToDoList.Domain", "ToDoList.Domain\ToDoList.Domain.csproj", "{F2EFF48C-4ABD-4DBA-8E44-4396415DFF7D}"
EndProject
Project("{9A19103F-16F7-4668-BE54-9A1E7A4F7556}") = "ToDoList.Infrastructure", "ToDoList.Infrastructure\ToDoList.Infrastructure.csproj", "{F2CBD718-427D-4B05-8128-2CAE02F071CA}"
EndProject
Project("{FAE04EC0-301F-11D3-BF4B-00C04F79EFBC}") = "ToDoList.Tests", "ToDoList.Tests\ToDoList.Tests.csproj", "{585E1F35-38A3-4C3B-B97A-8D5B1EFEF2E5}"
EndProject
Global
	GlobalSection(SolutionConfigurationPlatforms) = preSolution
		Debug|Any CPU = Debug|Any CPU
		Release|Any CPU = Release|Any CPU
	EndGlobalSection
	GlobalSection(ProjectConfigurationPlatforms) = postSolution
		{64FF26C6-DD49-45B5-A2D4-7C10BEB57228}.Debug|Any CPU.ActiveCfg = Debug|Any CPU
		{64FF26C6-DD49-45B5-A2D4-7C10BEB57228}.Debug|Any CPU.Build.0 = Debug|Any CPU
		{64FF26C6-DD49-45B5-A2D4-7C10BEB57228}.Release|Any CPU.ActiveCfg = Release|Any CPU
		{64FF26C6-DD49-45B5-A2D4-7C10BEB57228}.Release|Any CPU.Build.0 = Release|Any CPU
		{43488768-35B2-46CA-AB05-50A873481BC1}.Debug|Any CPU.ActiveCfg = Debug|Any CPU
		{43488768-35B2-46CA-AB05-50A873481BC1}.Debug|Any CPU.Build.0 = Debug|Any CPU
		{43488768-35B2-46CA-AB05-50A873481BC1}.Release|Any CPU.ActiveCfg = Release|Any CPU
		{43488768-35B2-46CA-AB05-50A873481BC1}.Release|Any CPU.Build.0 = Release|Any CPU
		{F2EFF48C-4ABD-4DBA-8E44-4396415DFF7D}.Debug|Any CPU.ActiveCfg = Debug|Any CPU
		{F2EFF48C-4ABD-4DBA-8E44-4396415DFF7D}.Debug|Any CPU.Build.0 = Debug|Any CPU
		{F2EFF48C-4ABD-4DBA-8E44-4396415DFF7D}.Release|Any CPU.ActiveCfg = Release|Any CPU
		{F2EFF48C-4ABD-4DBA-8E44-4396415DFF7D}.Release|Any CPU.Build.0 = Release|Any CPU
		{F2CBD718-427D-4B05-8128-2CAE02F071CA}.Debug|Any CPU.ActiveCfg = Debug|Any CPU
		{F2CBD718-427D-4B05-8128-2CAE02F071CA}.Debug|Any CPU.Build.0 = Debug|Any CPU
		{F2CBD718-427D-4B05-8128-2CAE02F071CA}.Release|Any CPU.ActiveCfg = Release|Any CPU
		{F2CBD718-427D-4B05-8128-2CAE02F071CA}.Release|Any CPU.Build.0 = Release|Any CPU
		{585E1F35-38A3-4C3B-B97A-8D5B1EFEF2E5}.Debug|Any CPU.ActiveCfg = Debug|Any CPU
		{585E1F35-38A3-4C3B-B97A-8D5B1EFEF2E5}.Debug|Any CPU.Build.0 = Debug|Any CPU
		{585E1F35-38A3-4C3B-B97A-8D5B1EFEF2E5}.Release|Any CPU.ActiveCfg = Release|Any CPU
		{585E1F35-38A3-4C3B-B97A-8D5B1EFEF2E5}.Release|Any CPU.Build.0 = Release|Any CPU
	EndGlobalSection
	GlobalSection(SolutionProperties) = preSolution
		HideSolutionNode = FALSE
	EndGlobalSection
	GlobalSection(NestedProjects) = preSolution
		{64FF26C6-DD49-45B5-A2D4-7C10BEB57228} = {166CDE31-C88E-4CFE-8391-426CF183A1E6}
		{43488768-35B2-46CA-AB05-50A873481BC1} = {D456643E-0830-4B52-9D6B-588F0982AAB1}
		{F2EFF48C-4ABD-4DBA-8E44-4396415DFF7D} = {859C58C8-B870-4BF3-9FC8-D5395342A7CB}
		{F2CBD718-427D-4B05-8128-2CAE02F071CA} = {62D19745-FFA9-42DF-97A3-3F4EF5C2C998}
	EndGlobalSection
	GlobalSection(ExtensibilityGlobals) = postSolution
		SolutionGuid = {609B7915-4021-477A-B6DC-A7D8D733C55A}
	EndGlobalSection
EndGlobal
